
Microsoft Visual Studio Solution File, Format Version 12.00
# Visual Studio 15
VisualStudioVersion = 15.0.27130.2036
MinimumVisualStudioVersion = 10.0.40219.1
Project("{FAE04EC0-301F-11D3-BF4B-00C04F79EFBC}") = "SSE", "SSE\SSE.csproj", "{A2626AA1-6D2C-4C35-A53D-FD2A150701DE}"
EndProject
Global
	GlobalSection(SolutionConfigurationPlatforms) = preSolution
		Debug|Any CPU = Debug|Any CPU
		Release|Any CPU = Release|Any CPU
	EndGlobalSection
	GlobalSection(ProjectConfigurationPlatforms) = postSolution
		{A2626AA1-6D2C-4C35-A53D-FD2A150701DE}.Debug|Any CPU.ActiveCfg = Debug|Any CPU
		{A2626AA1-6D2C-4C35-A53D-FD2A150701DE}.Debug|Any CPU.Build.0 = Debug|Any CPU
		{A2626AA1-6D2C-4C35-A53D-FD2A150701DE}.Release|Any CPU.ActiveCfg = Release|Any CPU
		{A2626AA1-6D2C-4C35-A53D-FD2A150701DE}.Release|Any CPU.Build.0 = Release|Any CPU
	EndGlobalSection
	GlobalSection(SolutionProperties) = preSolution
		HideSolutionNode = FALSE
	EndGlobalSection
	GlobalSection(ExtensibilityGlobals) = postSolution
		SolutionGuid = {F0EFFEF1-663F-4EAF-9A62-AA3F0018CE8A}
	EndGlobalSection
EndGlobal
